
Microsoft Visual Studio Solution File, Format Version 12.00
# Visual Studio Version 17
VisualStudioVersion = 17.7.34009.444
MinimumVisualStudioVersion = 10.0.40219.1
Project("{FAE04EC0-301F-11D3-BF4B-00C04F79EFBC}") = "QLCuaHangBanSach", "QLCuaHangBanSach\QLCuaHangBanSach.csproj", "{2C1312E6-452C-4872-8E74-99C0D1B0932F}"
EndProject
Global
	GlobalSection(SolutionConfigurationPlatforms) = preSolution
		Debug|Any CPU = Debug|Any CPU
		Release|Any CPU = Release|Any CPU
	EndGlobalSection
	GlobalSection(ProjectConfigurationPlatforms) = postSolution
		{2C1312E6-452C-4872-8E74-99C0D1B0932F}.Debug|Any CPU.ActiveCfg = Debug|Any CPU
		{2C1312E6-452C-4872-8E74-99C0D1B0932F}.Debug|Any CPU.Build.0 = Debug|Any CPU
		{2C1312E6-452C-4872-8E74-99C0D1B0932F}.Release|Any CPU.ActiveCfg = Release|Any CPU
		{2C1312E6-452C-4872-8E74-99C0D1B0932F}.Release|Any CPU.Build.0 = Release|Any CPU
	EndGlobalSection
	GlobalSection(SolutionProperties) = preSolution
		HideSolutionNode = FALSE
	EndGlobalSection
	GlobalSection(ExtensibilityGlobals) = postSolution
		SolutionGuid = {75868D60-EDDF-46B6-A89C-D5624066E02F}
	EndGlobalSection
EndGlobal
